
Microsoft Visual Studio Solution File, Format Version 12.00
# Visual Studio 2013
VisualStudioVersion = 12.0.21005.1
MinimumVisualStudioVersion = 10.0.40219.1
Project("{2150E333-8FDC-42A3-9474-1A3956D46DE8}") = "Core", "Core", "{4D0FB87B-D713-4506-A1AB-6B4E8E01DF40}"
EndProject
Project("{2150E333-8FDC-42A3-9474-1A3956D46DE8}") = "Solution Items", "Solution Items", "{2356686D-0480-46B1-9263-E70FB1553C71}"
EndProject
Project("{2150E333-8FDC-42A3-9474-1A3956D46DE8}") = "Services", "Services", "{D0ECF77F-65B8-4E0D-A499-221E4A5DBA82}"
EndProject
Project("{2150E333-8FDC-42A3-9474-1A3956D46DE8}") = "Hosts", "Hosts", "{78DD21AB-2F64-48F1-AF21-64421B919CAB}"
EndProject
Project("{FAE04EC0-301F-11D3-BF4B-00C04F79EFBC}") = "Ati.ServiceHost", "Ati.ServiceHost\Ati.ServiceHost.csproj", "{F70006AA-88AA-4786-A508-4493062EA724}"
EndProject
Project("{FAE04EC0-301F-11D3-BF4B-00C04F79EFBC}") = "Ati.ServiceHost.Web", "Ati.ServiceHost.Web\Ati.ServiceHost.Web.csproj", "{1275BD8E-DA00-4F9D-84F5-52F0A783543C}"
EndProject
Project("{FAE04EC0-301F-11D3-BF4B-00C04F79EFBC}") = "CardServices", "CardValidationService\CardServices.csproj", "{794D23EE-F4E6-4440-9443-1E9F7A63C0FF}"
EndProject
Project("{FAE04EC0-301F-11D3-BF4B-00C04F79EFBC}") = "Ati.ServiceBroker.WebService", "Ati.ServiceBroker.WebService\Ati.ServiceBroker.WebService.csproj", "{E2C980E8-E5D8-4CDE-A824-496AFFFC7A57}"
EndProject
Project("{FAE04EC0-301F-11D3-BF4B-00C04F79EFBC}") = "CardEnrollmentService", "CardEnrollmentService\CardEnrollmentService.csproj", "{15B3E0D2-6217-493A-A690-158C497F5318}"
EndProject
Project("{FAE04EC0-301F-11D3-BF4B-00C04F79EFBC}") = "CustomerPassThruService", "CustomerPassThruService\CustomerPassThruService.csproj", "{94FCAAB4-71D5-4E18-A20B-CB86E10305EF}"
EndProject
Project("{FAE04EC0-301F-11D3-BF4B-00C04F79EFBC}") = "DataTransformationService", "DataTransformationService\DataTransformationService.csproj", "{0AD6960C-D3C4-4821-9F7F-60FE38E4F1C3}"
EndProject
Project("{FAE04EC0-301F-11D3-BF4B-00C04F79EFBC}") = "AtiCustomerService", "AtiCustomerService\AtiCustomerService.csproj", "{68497097-813C-4717-ABF0-74FBCFB2AC52}"
EndProject
Project("{FAE04EC0-301F-11D3-BF4B-00C04F79EFBC}") = "EventManagerService", "EventManagerService\EventManagerService.csproj", "{57C238E7-222C-4E64-80F8-0A599F64332B}"
EndProject
Project("{FAE04EC0-301F-11D3-BF4B-00C04F79EFBC}") = "RulesEngine", "RulesEngine\RulesEngine.csproj", "{6FDC257B-BDA0-4A8B-B93A-A9BBBFB9E65B}"
EndProject
Global
	GlobalSection(SolutionConfigurationPlatforms) = preSolution
		Debug|Any CPU = Debug|Any CPU
		Release|Any CPU = Release|Any CPU
	EndGlobalSection
	GlobalSection(ProjectConfigurationPlatforms) = postSolution
		{F70006AA-88AA-4786-A508-4493062EA724}.Debug|Any CPU.ActiveCfg = Debug|Any CPU
		{F70006AA-88AA-4786-A508-4493062EA724}.Debug|Any CPU.Build.0 = Debug|Any CPU
		{F70006AA-88AA-4786-A508-4493062EA724}.Release|Any CPU.ActiveCfg = Release|Any CPU
		{F70006AA-88AA-4786-A508-4493062EA724}.Release|Any CPU.Build.0 = Release|Any CPU
		{1275BD8E-DA00-4F9D-84F5-52F0A783543C}.Debug|Any CPU.ActiveCfg = Debug|Any CPU
		{1275BD8E-DA00-4F9D-84F5-52F0A783543C}.Debug|Any CPU.Build.0 = Debug|Any CPU
		{1275BD8E-DA00-4F9D-84F5-52F0A783543C}.Release|Any CPU.ActiveCfg = Release|Any CPU
		{1275BD8E-DA00-4F9D-84F5-52F0A783543C}.Release|Any CPU.Build.0 = Release|Any CPU
		{794D23EE-F4E6-4440-9443-1E9F7A63C0FF}.Debug|Any CPU.ActiveCfg = Debug|Any CPU
		{794D23EE-F4E6-4440-9443-1E9F7A63C0FF}.Debug|Any CPU.Build.0 = Debug|Any CPU
		{794D23EE-F4E6-4440-9443-1E9F7A63C0FF}.Release|Any CPU.ActiveCfg = Release|Any CPU
		{794D23EE-F4E6-4440-9443-1E9F7A63C0FF}.Release|Any CPU.Build.0 = Release|Any CPU
		{E2C980E8-E5D8-4CDE-A824-496AFFFC7A57}.Debug|Any CPU.ActiveCfg = Debug|Any CPU
		{E2C980E8-E5D8-4CDE-A824-496AFFFC7A57}.Debug|Any CPU.Build.0 = Debug|Any CPU
		{E2C980E8-E5D8-4CDE-A824-496AFFFC7A57}.Release|Any CPU.ActiveCfg = Release|Any CPU
		{E2C980E8-E5D8-4CDE-A824-496AFFFC7A57}.Release|Any CPU.Build.0 = Release|Any CPU
		{15B3E0D2-6217-493A-A690-158C497F5318}.Debug|Any CPU.ActiveCfg = Debug|Any CPU
		{15B3E0D2-6217-493A-A690-158C497F5318}.Debug|Any CPU.Build.0 = Debug|Any CPU
		{15B3E0D2-6217-493A-A690-158C497F5318}.Release|Any CPU.ActiveCfg = Release|Any CPU
		{15B3E0D2-6217-493A-A690-158C497F5318}.Release|Any CPU.Build.0 = Release|Any CPU
		{94FCAAB4-71D5-4E18-A20B-CB86E10305EF}.Debug|Any CPU.ActiveCfg = Debug|Any CPU
		{94FCAAB4-71D5-4E18-A20B-CB86E10305EF}.Debug|Any CPU.Build.0 = Debug|Any CPU
		{94FCAAB4-71D5-4E18-A20B-CB86E10305EF}.Release|Any CPU.ActiveCfg = Release|Any CPU
		{94FCAAB4-71D5-4E18-A20B-CB86E10305EF}.Release|Any CPU.Build.0 = Release|Any CPU
		{0AD6960C-D3C4-4821-9F7F-60FE38E4F1C3}.Debug|Any CPU.ActiveCfg = Debug|Any CPU
		{0AD6960C-D3C4-4821-9F7F-60FE38E4F1C3}.Debug|Any CPU.Build.0 = Debug|Any CPU
		{0AD6960C-D3C4-4821-9F7F-60FE38E4F1C3}.Release|Any CPU.ActiveCfg = Release|Any CPU
		{0AD6960C-D3C4-4821-9F7F-60FE38E4F1C3}.Release|Any CPU.Build.0 = Release|Any CPU
		{68497097-813C-4717-ABF0-74FBCFB2AC52}.Debug|Any CPU.ActiveCfg = Debug|Any CPU
		{68497097-813C-4717-ABF0-74FBCFB2AC52}.Debug|Any CPU.Build.0 = Debug|Any CPU
		{68497097-813C-4717-ABF0-74FBCFB2AC52}.Release|Any CPU.ActiveCfg = Release|Any CPU
		{68497097-813C-4717-ABF0-74FBCFB2AC52}.Release|Any CPU.Build.0 = Release|Any CPU
		{57C238E7-222C-4E64-80F8-0A599F64332B}.Debug|Any CPU.ActiveCfg = Debug|Any CPU
		{57C238E7-222C-4E64-80F8-0A599F64332B}.Debug|Any CPU.Build.0 = Debug|Any CPU
		{57C238E7-222C-4E64-80F8-0A599F64332B}.Release|Any CPU.ActiveCfg = Release|Any CPU
		{57C238E7-222C-4E64-80F8-0A599F64332B}.Release|Any CPU.Build.0 = Release|Any CPU
		{6FDC257B-BDA0-4A8B-B93A-A9BBBFB9E65B}.Debug|Any CPU.ActiveCfg = Debug|Any CPU
		{6FDC257B-BDA0-4A8B-B93A-A9BBBFB9E65B}.Debug|Any CPU.Build.0 = Debug|Any CPU
		{6FDC257B-BDA0-4A8B-B93A-A9BBBFB9E65B}.Release|Any CPU.ActiveCfg = Release|Any CPU
		{6FDC257B-BDA0-4A8B-B93A-A9BBBFB9E65B}.Release|Any CPU.Build.0 = Release|Any CPU
	EndGlobalSection
	GlobalSection(SolutionProperties) = preSolution
		HideSolutionNode = FALSE
	EndGlobalSection
	GlobalSection(NestedProjects) = preSolution
		{F70006AA-88AA-4786-A508-4493062EA724} = {4D0FB87B-D713-4506-A1AB-6B4E8E01DF40}
		{1275BD8E-DA00-4F9D-84F5-52F0A783543C} = {4D0FB87B-D713-4506-A1AB-6B4E8E01DF40}
		{794D23EE-F4E6-4440-9443-1E9F7A63C0FF} = {D0ECF77F-65B8-4E0D-A499-221E4A5DBA82}
		{15B3E0D2-6217-493A-A690-158C497F5318} = {D0ECF77F-65B8-4E0D-A499-221E4A5DBA82}
		{94FCAAB4-71D5-4E18-A20B-CB86E10305EF} = {D0ECF77F-65B8-4E0D-A499-221E4A5DBA82}
		{0AD6960C-D3C4-4821-9F7F-60FE38E4F1C3} = {D0ECF77F-65B8-4E0D-A499-221E4A5DBA82}
		{68497097-813C-4717-ABF0-74FBCFB2AC52} = {D0ECF77F-65B8-4E0D-A499-221E4A5DBA82}
		{57C238E7-222C-4E64-80F8-0A599F64332B} = {D0ECF77F-65B8-4E0D-A499-221E4A5DBA82}
		{6FDC257B-BDA0-4A8B-B93A-A9BBBFB9E65B} = {D0ECF77F-65B8-4E0D-A499-221E4A5DBA82}
		{E2C980E8-E5D8-4CDE-A824-496AFFFC7A57} = {78DD21AB-2F64-48F1-AF21-64421B919CAB}
	EndGlobalSection
EndGlobal
