
Microsoft Visual Studio Solution File, Format Version 12.00
# Visual Studio 2013
VisualStudioVersion = 12.0.21005.1
MinimumVisualStudioVersion = 10.0.40219.1
Project("{FAE04EC0-301F-11D3-BF4B-00C04F79EFBC}") = "DynamicServiceProxy", "..\DynamicServiceProxy\DynamicServiceProxy\DynamicServiceProxy.csproj", "{4EFFCA5A-2111-4DBC-BA57-8062107A6875}"
EndProject
Project("{FAE04EC0-301F-11D3-BF4B-00C04F79EFBC}") = "AtiWrapperServices", "AtiWrapperServices\AtiWrapperServices.csproj", "{5C8BD30D-6B65-4843-88F3-50FFD3FC47D9}"
EndProject
Project("{FAE04EC0-301F-11D3-BF4B-00C04F79EFBC}") = "AtiWrapperServicesORM.OpenAccess", "..\AtiWrapperServicesORM\AtiWrapperServices.OpenAccess\AtiWrapperServicesORM.OpenAccess.csproj", "{9544B1CE-E0AE-4550-A439-352E2183D465}"
EndProject
Global
	GlobalSection(SolutionConfigurationPlatforms) = preSolution
		Debug|Any CPU = Debug|Any CPU
		Release|Any CPU = Release|Any CPU
	EndGlobalSection
	GlobalSection(ProjectConfigurationPlatforms) = postSolution
		{4EFFCA5A-2111-4DBC-BA57-8062107A6875}.Debug|Any CPU.ActiveCfg = Debug|Any CPU
		{4EFFCA5A-2111-4DBC-BA57-8062107A6875}.Debug|Any CPU.Build.0 = Debug|Any CPU
		{4EFFCA5A-2111-4DBC-BA57-8062107A6875}.Release|Any CPU.ActiveCfg = Release|Any CPU
		{4EFFCA5A-2111-4DBC-BA57-8062107A6875}.Release|Any CPU.Build.0 = Release|Any CPU
		{5C8BD30D-6B65-4843-88F3-50FFD3FC47D9}.Debug|Any CPU.ActiveCfg = Debug|Any CPU
		{5C8BD30D-6B65-4843-88F3-50FFD3FC47D9}.Debug|Any CPU.Build.0 = Debug|Any CPU
		{5C8BD30D-6B65-4843-88F3-50FFD3FC47D9}.Release|Any CPU.ActiveCfg = Release|Any CPU
		{5C8BD30D-6B65-4843-88F3-50FFD3FC47D9}.Release|Any CPU.Build.0 = Release|Any CPU
		{9544B1CE-E0AE-4550-A439-352E2183D465}.Debug|Any CPU.ActiveCfg = Debug|Any CPU
		{9544B1CE-E0AE-4550-A439-352E2183D465}.Debug|Any CPU.Build.0 = Debug|Any CPU
		{9544B1CE-E0AE-4550-A439-352E2183D465}.Release|Any CPU.ActiveCfg = Release|Any CPU
		{9544B1CE-E0AE-4550-A439-352E2183D465}.Release|Any CPU.Build.0 = Release|Any CPU
	EndGlobalSection
	GlobalSection(SolutionProperties) = preSolution
		HideSolutionNode = FALSE
	EndGlobalSection
EndGlobal
